{
  "name": "cge-example",
  "version": "1.0.0",
  "lockfileVersion": 2,
  "requires": true,
  "packages": {
    "": {
      "name": "cge-example",
      "version": "1.0.0",
      "license": "GPL-3.0-or-later",
      "dependencies": {
        "console-game-engine": "^1.0.3",
        "keypress": "^0.2.1"
      }
    },
    "node_modules/console-game-engine": {
      "version": "1.0.4",
      "resolved": "https://registry.npmjs.org/console-game-engine/-/console-game-engine-1.0.4.tgz",
      "integrity": "sha512-Ih2T/lDTpt/CMNQsVM7v1N6mSEHVcLlVukNFM8kHlpqIwOeQQ6sBTVd/nzxKxPrf64QsKjt7s0NyOFU2xlDtZw=="
    },
    "node_modules/keypress": {
      "version": "0.2.1",
      "resolved": "https://registry.npmjs.org/keypress/-/keypress-0.2.1.tgz",
      "integrity": "sha1-HoBFQlABjbrUw/6USX1uZ7YmnHc="
    }
  },
  "dependencies": {
    "console-game-engine": {
      "version": "1.0.4",
      "resolved": "https://registry.npmjs.org/console-game-engine/-/console-game-engine-1.0.4.tgz",
      "integrity": "sha512-Ih2T/lDTpt/CMNQsVM7v1N6mSEHVcLlVukNFM8kHlpqIwOeQQ6sBTVd/nzxKxPrf64QsKjt7s0NyOFU2xlDtZw=="
    },
    "keypress": {
      "version": "0.2.1",
      "resolved": "https://registry.npmjs.org/keypress/-/keypress-0.2.1.tgz",
      "integrity": "sha1-HoBFQlABjbrUw/6USX1uZ7YmnHc="
    }
  }
}
